# THIS IS AN AUTOGENERATED FILE. DO NOT EDIT THIS FILE DIRECTLY.
# yarn lockfile v1


lumo-cljs@^1.9.0:
  version "1.9.0"
  resolved "https://registry.yarnpkg.com/lumo-cljs/-/lumo-cljs-1.9.0.tgz#853f6aea8a90dbef91640502a70099550c57a4ec"
  integrity sha512-C7sM26P7bBtrAz+pW1TlkjIUXcYHmE3oENQLVe4GsYbX0ePJB4w0KK7Tm0WxVREGMllTcNlDJLqz30/W9vud0A==
